
Microsoft Visual Studio Solution File, Format Version 12.00
# Visual Studio Version 16
VisualStudioVersion = 25.0.1706.8
MinimumVisualStudioVersion = 10.0.40219.1
Project("{FAE04EC0-301F-11D3-BF4B-00C04F79EFBC}") = "Car.exercise", "Car.exercise\Car.exercise.csproj", "{F915538D-2B12-4A01-8538-227BBD097C88}"
EndProject
Project("{FAE04EC0-301F-11D3-BF4B-00C04F79EFBC}") = "Book.exercise", "Book.exercise\Book.exercise.csproj", "{A706EBE6-66EF-4AF8-9E15-A5782D8FF757}"
EndProject
Project("{FAE04EC0-301F-11D3-BF4B-00C04F79EFBC}") = "Company.exercise", "Ex1\Company.exercise.csproj", "{11464067-324A-445A-9896-1E2F213B470D}"
EndProject
Project("{FAE04EC0-301F-11D3-BF4B-00C04F79EFBC}") = "Employee.exercise", "tehtävä 5 v2\Employee.exercise.csproj", "{060E3928-C389-4A39-BBE9-359FD9160CF2}"
EndProject
Project("{FAE04EC0-301F-11D3-BF4B-00C04F79EFBC}") = "Periytyminen", "Periytyminen\Periytyminen.csproj", "{A9992BAF-AFBD-4E3A-A7F8-71BBB563EC5E}"
EndProject
Project("{FAE04EC0-301F-11D3-BF4B-00C04F79EFBC}") = "InterfaceExercise", "InterfaceExercise\InterfaceExercise.csproj", "{4FD35ABF-E1C9-4875-95D3-8703E4B35A73}"
EndProject
Project("{FAE04EC0-301F-11D3-BF4B-00C04F79EFBC}") = "IComparable book", "IComparable book\IComparable book.csproj", "{93DA7FEC-A344-4287-B8C8-3A5093394943}"
EndProject
Project("{FAE04EC0-301F-11D3-BF4B-00C04F79EFBC}") = "Eläinvakuutukset", "Eläinvakuutukset\Eläinvakuutukset.csproj", "{F2A683CB-35EF-49E9-88AA-1699512963C6}"
EndProject
Project("{FAE04EC0-301F-11D3-BF4B-00C04F79EFBC}") = "OlioTentti", "OlioTentti\OlioTentti.csproj", "{E3351CA7-5412-4C74-B871-DE1E84844BE3}"
EndProject
Global
	GlobalSection(SolutionConfigurationPlatforms) = preSolution
		Debug|Any CPU = Debug|Any CPU
		Release|Any CPU = Release|Any CPU
	EndGlobalSection
	GlobalSection(ProjectConfigurationPlatforms) = postSolution
		{F915538D-2B12-4A01-8538-227BBD097C88}.Debug|Any CPU.ActiveCfg = Debug|Any CPU
		{F915538D-2B12-4A01-8538-227BBD097C88}.Debug|Any CPU.Build.0 = Debug|Any CPU
		{F915538D-2B12-4A01-8538-227BBD097C88}.Release|Any CPU.ActiveCfg = Release|Any CPU
		{F915538D-2B12-4A01-8538-227BBD097C88}.Release|Any CPU.Build.0 = Release|Any CPU
		{A706EBE6-66EF-4AF8-9E15-A5782D8FF757}.Debug|Any CPU.ActiveCfg = Debug|Any CPU
		{A706EBE6-66EF-4AF8-9E15-A5782D8FF757}.Debug|Any CPU.Build.0 = Debug|Any CPU
		{A706EBE6-66EF-4AF8-9E15-A5782D8FF757}.Release|Any CPU.ActiveCfg = Release|Any CPU
		{A706EBE6-66EF-4AF8-9E15-A5782D8FF757}.Release|Any CPU.Build.0 = Release|Any CPU
		{11464067-324A-445A-9896-1E2F213B470D}.Debug|Any CPU.ActiveCfg = Debug|Any CPU
		{11464067-324A-445A-9896-1E2F213B470D}.Debug|Any CPU.Build.0 = Debug|Any CPU
		{11464067-324A-445A-9896-1E2F213B470D}.Release|Any CPU.ActiveCfg = Release|Any CPU
		{11464067-324A-445A-9896-1E2F213B470D}.Release|Any CPU.Build.0 = Release|Any CPU
		{060E3928-C389-4A39-BBE9-359FD9160CF2}.Debug|Any CPU.ActiveCfg = Debug|Any CPU
		{060E3928-C389-4A39-BBE9-359FD9160CF2}.Debug|Any CPU.Build.0 = Debug|Any CPU
		{060E3928-C389-4A39-BBE9-359FD9160CF2}.Release|Any CPU.ActiveCfg = Release|Any CPU
		{060E3928-C389-4A39-BBE9-359FD9160CF2}.Release|Any CPU.Build.0 = Release|Any CPU
		{A9992BAF-AFBD-4E3A-A7F8-71BBB563EC5E}.Debug|Any CPU.ActiveCfg = Debug|Any CPU
		{A9992BAF-AFBD-4E3A-A7F8-71BBB563EC5E}.Debug|Any CPU.Build.0 = Debug|Any CPU
		{A9992BAF-AFBD-4E3A-A7F8-71BBB563EC5E}.Release|Any CPU.ActiveCfg = Release|Any CPU
		{A9992BAF-AFBD-4E3A-A7F8-71BBB563EC5E}.Release|Any CPU.Build.0 = Release|Any CPU
		{4FD35ABF-E1C9-4875-95D3-8703E4B35A73}.Debug|Any CPU.ActiveCfg = Debug|Any CPU
		{4FD35ABF-E1C9-4875-95D3-8703E4B35A73}.Debug|Any CPU.Build.0 = Debug|Any CPU
		{4FD35ABF-E1C9-4875-95D3-8703E4B35A73}.Release|Any CPU.ActiveCfg = Release|Any CPU
		{4FD35ABF-E1C9-4875-95D3-8703E4B35A73}.Release|Any CPU.Build.0 = Release|Any CPU
		{93DA7FEC-A344-4287-B8C8-3A5093394943}.Debug|Any CPU.ActiveCfg = Debug|Any CPU
		{93DA7FEC-A344-4287-B8C8-3A5093394943}.Debug|Any CPU.Build.0 = Debug|Any CPU
		{93DA7FEC-A344-4287-B8C8-3A5093394943}.Release|Any CPU.ActiveCfg = Release|Any CPU
		{93DA7FEC-A344-4287-B8C8-3A5093394943}.Release|Any CPU.Build.0 = Release|Any CPU
		{F2A683CB-35EF-49E9-88AA-1699512963C6}.Debug|Any CPU.ActiveCfg = Debug|Any CPU
		{F2A683CB-35EF-49E9-88AA-1699512963C6}.Debug|Any CPU.Build.0 = Debug|Any CPU
		{F2A683CB-35EF-49E9-88AA-1699512963C6}.Release|Any CPU.ActiveCfg = Release|Any CPU
		{F2A683CB-35EF-49E9-88AA-1699512963C6}.Release|Any CPU.Build.0 = Release|Any CPU
		{E3351CA7-5412-4C74-B871-DE1E84844BE3}.Debug|Any CPU.ActiveCfg = Debug|Any CPU
		{E3351CA7-5412-4C74-B871-DE1E84844BE3}.Debug|Any CPU.Build.0 = Debug|Any CPU
		{E3351CA7-5412-4C74-B871-DE1E84844BE3}.Release|Any CPU.ActiveCfg = Release|Any CPU
		{E3351CA7-5412-4C74-B871-DE1E84844BE3}.Release|Any CPU.Build.0 = Release|Any CPU
	EndGlobalSection
	GlobalSection(SolutionProperties) = preSolution
		HideSolutionNode = FALSE
	EndGlobalSection
	GlobalSection(ExtensibilityGlobals) = postSolution
		SolutionGuid = {2D81BEB2-2C94-4809-A3D2-6B8B7B9027F8}
	EndGlobalSection
EndGlobal
